
Microsoft Visual Studio Solution File, Format Version 12.00
# Visual Studio 15
VisualStudioVersion = 15.0.27130.2020
MinimumVisualStudioVersion = 10.0.40219.1
Project("{F184B08F-C81C-45F6-A57F-5ABD9991F28F}") = "Agenda", "Agenda\Agenda.vbproj", "{036AF8D5-BD9D-4FB5-9007-86F01307B4AD}"
EndProject
Global
	GlobalSection(SolutionConfigurationPlatforms) = preSolution
		Debug|Any CPU = Debug|Any CPU
		Release|Any CPU = Release|Any CPU
	EndGlobalSection
	GlobalSection(ProjectConfigurationPlatforms) = postSolution
		{036AF8D5-BD9D-4FB5-9007-86F01307B4AD}.Debug|Any CPU.ActiveCfg = Debug|Any CPU
		{036AF8D5-BD9D-4FB5-9007-86F01307B4AD}.Debug|Any CPU.Build.0 = Debug|Any CPU
		{036AF8D5-BD9D-4FB5-9007-86F01307B4AD}.Release|Any CPU.ActiveCfg = Release|Any CPU
		{036AF8D5-BD9D-4FB5-9007-86F01307B4AD}.Release|Any CPU.Build.0 = Release|Any CPU
	EndGlobalSection
	GlobalSection(SolutionProperties) = preSolution
		HideSolutionNode = FALSE
	EndGlobalSection
	GlobalSection(ExtensibilityGlobals) = postSolution
		SolutionGuid = {5E633267-9F15-49FE-8EF4-D494083B4FBA}
	EndGlobalSection
EndGlobal
